
Microsoft Visual Studio Solution File, Format Version 12.00
# Visual Studio Version 16
VisualStudioVersion = 16.0.30503.244
MinimumVisualStudioVersion = 10.0.40219.1
Project("{9A19103F-16F7-4668-BE54-9A1E7A4F7556}") = "StandaloneServer", "StandaloneServer\StandaloneServer.csproj", "{F1C9E0D3-0482-49F9-86AA-68A3AF7A1556}"
EndProject
Project("{FAE04EC0-301F-11D3-BF4B-00C04F79EFBC}") = "BotWebServer", "BotWebServer\BotWebServer.csproj", "{84B3B1B1-C8FC-4073-A3B2-1183486A6D3D}"
EndProject
Project("{FAE04EC0-301F-11D3-BF4B-00C04F79EFBC}") = "PayGram", "PayGram\PayGram.csproj", "{2CA35721-471D-420B-83FD-B594152356D4}"
EndProject
Global
	GlobalSection(SolutionConfigurationPlatforms) = preSolution
		Debug|Any CPU = Debug|Any CPU
		Release|Any CPU = Release|Any CPU
	EndGlobalSection
	GlobalSection(ProjectConfigurationPlatforms) = postSolution
		{F1C9E0D3-0482-49F9-86AA-68A3AF7A1556}.Debug|Any CPU.ActiveCfg = Debug|Any CPU
		{F1C9E0D3-0482-49F9-86AA-68A3AF7A1556}.Debug|Any CPU.Build.0 = Debug|Any CPU
		{F1C9E0D3-0482-49F9-86AA-68A3AF7A1556}.Release|Any CPU.ActiveCfg = Release|Any CPU
		{F1C9E0D3-0482-49F9-86AA-68A3AF7A1556}.Release|Any CPU.Build.0 = Release|Any CPU
		{84B3B1B1-C8FC-4073-A3B2-1183486A6D3D}.Debug|Any CPU.ActiveCfg = Debug|Any CPU
		{84B3B1B1-C8FC-4073-A3B2-1183486A6D3D}.Debug|Any CPU.Build.0 = Debug|Any CPU
		{84B3B1B1-C8FC-4073-A3B2-1183486A6D3D}.Release|Any CPU.ActiveCfg = Release|Any CPU
		{84B3B1B1-C8FC-4073-A3B2-1183486A6D3D}.Release|Any CPU.Build.0 = Release|Any CPU
		{2CA35721-471D-420B-83FD-B594152356D4}.Debug|Any CPU.ActiveCfg = Debug|Any CPU
		{2CA35721-471D-420B-83FD-B594152356D4}.Debug|Any CPU.Build.0 = Debug|Any CPU
		{2CA35721-471D-420B-83FD-B594152356D4}.Release|Any CPU.ActiveCfg = Release|Any CPU
		{2CA35721-471D-420B-83FD-B594152356D4}.Release|Any CPU.Build.0 = Release|Any CPU
	EndGlobalSection
	GlobalSection(SolutionProperties) = preSolution
		HideSolutionNode = FALSE
	EndGlobalSection
	GlobalSection(ExtensibilityGlobals) = postSolution
		SolutionGuid = {02C612AD-CC90-4B60-9DDD-3B0EF6CF7309}
	EndGlobalSection
EndGlobal
